version: 2.0
shards:
  digest+:
    git: https://github.com/chris-huxtable/digest-plus.cr.git
    version: 0.1.0+git.commit.afca43eaf7182211033502fbff561492a2904855

  exception_page:
    git: https://github.com/crystal-loot/exception_page.git
    version: 0.1.4

  kemal:
    git: https://github.com/kemalcr/kemal.git
    version: 0.26.1

  kilt:
    git: https://github.com/jeromegn/kilt.git
    version: 0.4.0

  openssl_ext:
    git: https://github.com/randomstate/openssl_ext.git
    version: 0.1.2

  radix:
    git: https://github.com/luislavena/radix.git
    version: 0.3.9

